
Microsoft Visual Studio Solution File, Format Version 12.00
# Visual Studio Version 17
VisualStudioVersion = 17.0.32014.148
MinimumVisualStudioVersion = 10.0.40219.1
Project("{9A19103F-16F7-4668-BE54-9A1E7A4F7556}") = "ShopTemplate.Web", "ShopTemplate\ShopTemplate.Web.csproj", "{B511BC87-74AF-46F1-A37D-50F0BC8247C0}"
EndProject
Project("{9A19103F-16F7-4668-BE54-9A1E7A4F7556}") = "ShopTemplate.Api", "ShopTemplate.API\ShopTemplate.Api.csproj", "{ACF0BCA5-7E6C-497A-9D07-DD225341D795}"
EndProject
Project("{9A19103F-16F7-4668-BE54-9A1E7A4F7556}") = "ShopTemplate.Models", "ShopTemplate.Models\ShopTemplate.Models.csproj", "{FF0BD8F4-1320-4114-B705-646061C22169}"
EndProject
Global
	GlobalSection(SolutionConfigurationPlatforms) = preSolution
		Debug|Any CPU = Debug|Any CPU
		Release|Any CPU = Release|Any CPU
	EndGlobalSection
	GlobalSection(ProjectConfigurationPlatforms) = postSolution
		{B511BC87-74AF-46F1-A37D-50F0BC8247C0}.Debug|Any CPU.ActiveCfg = Debug|Any CPU
		{B511BC87-74AF-46F1-A37D-50F0BC8247C0}.Debug|Any CPU.Build.0 = Debug|Any CPU
		{B511BC87-74AF-46F1-A37D-50F0BC8247C0}.Release|Any CPU.ActiveCfg = Release|Any CPU
		{B511BC87-74AF-46F1-A37D-50F0BC8247C0}.Release|Any CPU.Build.0 = Release|Any CPU
		{ACF0BCA5-7E6C-497A-9D07-DD225341D795}.Debug|Any CPU.ActiveCfg = Debug|Any CPU
		{ACF0BCA5-7E6C-497A-9D07-DD225341D795}.Debug|Any CPU.Build.0 = Debug|Any CPU
		{ACF0BCA5-7E6C-497A-9D07-DD225341D795}.Release|Any CPU.ActiveCfg = Release|Any CPU
		{ACF0BCA5-7E6C-497A-9D07-DD225341D795}.Release|Any CPU.Build.0 = Release|Any CPU
		{FF0BD8F4-1320-4114-B705-646061C22169}.Debug|Any CPU.ActiveCfg = Debug|Any CPU
		{FF0BD8F4-1320-4114-B705-646061C22169}.Debug|Any CPU.Build.0 = Debug|Any CPU
		{FF0BD8F4-1320-4114-B705-646061C22169}.Release|Any CPU.ActiveCfg = Release|Any CPU
		{FF0BD8F4-1320-4114-B705-646061C22169}.Release|Any CPU.Build.0 = Release|Any CPU
	EndGlobalSection
	GlobalSection(SolutionProperties) = preSolution
		HideSolutionNode = FALSE
	EndGlobalSection
	GlobalSection(ExtensibilityGlobals) = postSolution
		SolutionGuid = {4E3F452F-EA2F-4B44-B4DE-3A7C5E1FED73}
	EndGlobalSection
EndGlobal
